
Microsoft Visual Studio Solution File, Format Version 12.00
# Visual Studio Version 17
VisualStudioVersion = 17.3.32901.215
MinimumVisualStudioVersion = 10.0.40219.1
Project("{FAE04EC0-301F-11D3-BF4B-00C04F79EFBC}") = "Esaldi1", "Esaldi1\Esaldi1.csproj", "{ECF59BFB-1F91-4A00-BCF5-F731128AC966}"
EndProject
Global
	GlobalSection(SolutionConfigurationPlatforms) = preSolution
		Debug|Any CPU = Debug|Any CPU
		Release|Any CPU = Release|Any CPU
	EndGlobalSection
	GlobalSection(ProjectConfigurationPlatforms) = postSolution
		{ECF59BFB-1F91-4A00-BCF5-F731128AC966}.Debug|Any CPU.ActiveCfg = Debug|Any CPU
		{ECF59BFB-1F91-4A00-BCF5-F731128AC966}.Debug|Any CPU.Build.0 = Debug|Any CPU
		{ECF59BFB-1F91-4A00-BCF5-F731128AC966}.Release|Any CPU.ActiveCfg = Release|Any CPU
		{ECF59BFB-1F91-4A00-BCF5-F731128AC966}.Release|Any CPU.Build.0 = Release|Any CPU
	EndGlobalSection
	GlobalSection(SolutionProperties) = preSolution
		HideSolutionNode = FALSE
	EndGlobalSection
	GlobalSection(ExtensibilityGlobals) = postSolution
		SolutionGuid = {ACCD81B3-8682-4C67-AEA4-562B12E2DD23}
	EndGlobalSection
EndGlobal
